// !$*UTF8*$!
{
	archiveVersion = 1;
	classes = {
	};
	objectVersion = 46;
	objects = {

/* Begin PBXBuildFile section */
		5B3BEEAF14DD3A52005111AB /* MEXcodeArchives.m in Sources */ = {isa = PBXBuildFile; fileRef = 5B3BEEAE14DD3A52005111AB /* MEXcodeArchives.m */; };
		5B3BEEB714DD3AE2005111AB /* MEXcodeArchive.m in Sources */ = {isa = PBXBuildFile; fileRef = 5B3BEEB614DD3AE2005111AB /* MEXcodeArchive.m */; };
		5B3BEEBA14DD3B4A005111AB /* MEProvisioningProfile.m in Sources */ = {isa = PBXBuildFile; fileRef = 5B3BEEB914DD3B4A005111AB /* MEProvisioningProfile.m */; };
		5B3BEEBE14DD4150005111AB /* MEMemoryMappedFile.m in Sources */ = {isa = PBXBuildFile; fileRef = 5B3BEEBD14DD4150005111AB /* MEMemoryMappedFile.m */; };
		5B3BEEC214DD42E8005111AB /* MEMachO.m in Sources */ = {isa = PBXBuildFile; fileRef = 5B3BEEC114DD42E8005111AB /* MEMachO.m */; };
		5B3BEEC514DD491B005111AB /* MEMachOSection.m in Sources */ = {isa = PBXBuildFile; fileRef = 5B3BEEC414DD491B005111AB /* MEMachOSection.m */; };
		5B3BEEC814DD97BB005111AB /* MEMachOLoadCommand.m in Sources */ = {isa = PBXBuildFile; fileRef = 5B3BEEC714DD97BB005111AB /* MEMachOLoadCommand.m */; };
		5B3BEECC14DDA152005111AB /* MEMachOUUIDLoadCommand.m in Sources */ = {isa = PBXBuildFile; fileRef = 5B3BEECB14DDA152005111AB /* MEMachOUUIDLoadCommand.m */; };
		5B3BEECF14DDA17C005111AB /* MEMachOVersionMinLoadCommand.m in Sources */ = {isa = PBXBuildFile; fileRef = 5B3BEECE14DDA17C005111AB /* MEMachOVersionMinLoadCommand.m */; };
		5B3BEED214DDA18C005111AB /* MEMachOLoadCommandFactory.m in Sources */ = {isa = PBXBuildFile; fileRef = 5B3BEED114DDA18C005111AB /* MEMachOLoadCommandFactory.m */; };
		5B3BEED514DDB971005111AB /* MEMachOSymtabLoadCommand.m in Sources */ = {isa = PBXBuildFile; fileRef = 5B3BEED414DDB971005111AB /* MEMachOSymtabLoadCommand.m */; };
		5B3BEED814DDBF53005111AB /* MEMachOSymbolTable.m in Sources */ = {isa = PBXBuildFile; fileRef = 5B3BEED714DDBF53005111AB /* MEMachOSymbolTable.m */; };
		5B3BEEDB14DDC5BC005111AB /* MEMachOSymbol.m in Sources */ = {isa = PBXBuildFile; fileRef = 5B3BEEDA14DDC5BC005111AB /* MEMachOSymbol.m */; };
		5B3BEEE014DDDEC9005111AB /* Dwarf2.m in Sources */ = {isa = PBXBuildFile; fileRef = 5B3BEEDF14DDDEC9005111AB /* Dwarf2.m */; };
		5B3BEEE414DDE3AF005111AB /* Dwarf2Buffer.m in Sources */ = {isa = PBXBuildFile; fileRef = 5B3BEEE314DDE3AF005111AB /* Dwarf2Buffer.m */; };
		5B3BEEE714DDF0DE005111AB /* Dwarf2Attribute.m in Sources */ = {isa = PBXBuildFile; fileRef = 5B3BEEE614DDF0DE005111AB /* Dwarf2Attribute.m */; };
		5B3BEEEA14DDF11C005111AB /* Dwarf2Abbreviation.m in Sources */ = {isa = PBXBuildFile; fileRef = 5B3BEEE914DDF11B005111AB /* Dwarf2Abbreviation.m */; };
		5B3BEEED14DDF3FC005111AB /* Dwarf2CompilationUnit.m in Sources */ = {isa = PBXBuildFile; fileRef = 5B3BEEEC14DDF3FC005111AB /* Dwarf2CompilationUnit.m */; };
		5B3BEEF014DDFEA6005111AB /* Dwarf2FileLineInfo.m in Sources */ = {isa = PBXBuildFile; fileRef = 5B3BEEEF14DDFEA6005111AB /* Dwarf2FileLineInfo.m */; };
		5B3BEEF314DE0144005111AB /* Dwarf2StateMachineRegisters.m in Sources */ = {isa = PBXBuildFile; fileRef = 5B3BEEF214DE0143005111AB /* Dwarf2StateMachineRegisters.m */; };
		5B3BEEF614DE043F005111AB /* Dwarf2FileEntry.m in Sources */ = {isa = PBXBuildFile; fileRef = 5B3BEEF514DE043E005111AB /* Dwarf2FileEntry.m */; };
		5B3BEEF914DE04AA005111AB /* Dwarf2StatementProgram.m in Sources */ = {isa = PBXBuildFile; fileRef = 5B3BEEF814DE04A9005111AB /* Dwarf2StatementProgram.m */; };
		5B73425314DF35D000FDBD27 /* MEMainWindowController.m in Sources */ = {isa = PBXBuildFile; fileRef = 5B73425214DF35D000FDBD27 /* MEMainWindowController.m */; };
		5B73425514DF35FE00FDBD27 /* MainWindow.xib in Resources */ = {isa = PBXBuildFile; fileRef = 5B73425414DF35FE00FDBD27 /* MainWindow.xib */; };
		5BED8E8514DD37AD0087BFDE /* Cocoa.framework in Frameworks */ = {isa = PBXBuildFile; fileRef = 5BED8E8414DD37AD0087BFDE /* Cocoa.framework */; };
		5BED8E8F14DD37AD0087BFDE /* InfoPlist.strings in Resources */ = {isa = PBXBuildFile; fileRef = 5BED8E8D14DD37AD0087BFDE /* InfoPlist.strings */; };
		5BED8E9114DD37AD0087BFDE /* main.m in Sources */ = {isa = PBXBuildFile; fileRef = 5BED8E9014DD37AD0087BFDE /* main.m */; };
		5BED8E9514DD37AD0087BFDE /* Credits.rtf in Resources */ = {isa = PBXBuildFile; fileRef = 5BED8E9314DD37AD0087BFDE /* Credits.rtf */; };
		5BED8E9814DD37AD0087BFDE /* MEAppDelegate.m in Sources */ = {isa = PBXBuildFile; fileRef = 5BED8E9714DD37AD0087BFDE /* MEAppDelegate.m */; };
		5BED8E9B14DD37AE0087BFDE /* MainMenu.xib in Resources */ = {isa = PBXBuildFile; fileRef = 5BED8E9914DD37AE0087BFDE /* MainMenu.xib */; };
		5BED8EA314DD37AE0087BFDE /* SenTestingKit.framework in Frameworks */ = {isa = PBXBuildFile; fileRef = 5BED8EA214DD37AE0087BFDE /* SenTestingKit.framework */; };
		5BED8EA414DD37AE0087BFDE /* Cocoa.framework in Frameworks */ = {isa = PBXBuildFile; fileRef = 5BED8E8414DD37AD0087BFDE /* Cocoa.framework */; };
		5BED8EAC14DD37AE0087BFDE /* InfoPlist.strings in Resources */ = {isa = PBXBuildFile; fileRef = 5BED8EAA14DD37AE0087BFDE /* InfoPlist.strings */; };
		5BED8EAF14DD37AE0087BFDE /* xcarchitronTests.m in Sources */ = {isa = PBXBuildFile; fileRef = 5BED8EAE14DD37AE0087BFDE /* xcarchitronTests.m */; };
/* End PBXBuildFile section */

/* Begin PBXContainerItemProxy section */
		5BED8EA514DD37AE0087BFDE /* PBXContainerItemProxy */ = {
			isa = PBXContainerItemProxy;
			containerPortal = 5BED8E7714DD37AD0087BFDE /* Project object */;
			proxyType = 1;
			remoteGlobalIDString = 5BED8E7F14DD37AD0087BFDE;
			remoteInfo = xcarchitron;
		};
/* End PBXContainerItemProxy section */

/* Begin PBXFileReference section */
		5B3BEEAD14DD3A52005111AB /* MEXcodeArchives.h */ = {isa = PBXFileReference; fileEncoding = 4; lastKnownFileType = sourcecode.c.h; path = MEXcodeArchives.h; sourceTree = "<group>"; };
		5B3BEEAE14DD3A52005111AB /* MEXcodeArchives.m */ = {isa = PBXFileReference; fileEncoding = 4; lastKnownFileType = sourcecode.c.objc; path = MEXcodeArchives.m; sourceTree = "<group>"; };
		5B3BEEB514DD3AE2005111AB /* MEXcodeArchive.h */ = {isa = PBXFileReference; fileEncoding = 4; lastKnownFileType = sourcecode.c.h; path = MEXcodeArchive.h; sourceTree = "<group>"; };
		5B3BEEB614DD3AE2005111AB /* MEXcodeArchive.m */ = {isa = PBXFileReference; fileEncoding = 4; lastKnownFileType = sourcecode.c.objc; path = MEXcodeArchive.m; sourceTree = "<group>"; };
		5B3BEEB814DD3B4A005111AB /* MEProvisioningProfile.h */ = {isa = PBXFileReference; fileEncoding = 4; lastKnownFileType = sourcecode.c.h; path = MEProvisioningProfile.h; sourceTree = "<group>"; };
		5B3BEEB914DD3B4A005111AB /* MEProvisioningProfile.m */ = {isa = PBXFileReference; fileEncoding = 4; lastKnownFileType = sourcecode.c.objc; path = MEProvisioningProfile.m; sourceTree = "<group>"; };
		5B3BEEBC14DD4150005111AB /* MEMemoryMappedFile.h */ = {isa = PBXFileReference; fileEncoding = 4; lastKnownFileType = sourcecode.c.h; path = MEMemoryMappedFile.h; sourceTree = "<group>"; };
		5B3BEEBD14DD4150005111AB /* MEMemoryMappedFile.m */ = {isa = PBXFileReference; fileEncoding = 4; lastKnownFileType = sourcecode.c.objc; path = MEMemoryMappedFile.m; sourceTree = "<group>"; };
		5B3BEEC014DD42E8005111AB /* MEMachO.h */ = {isa = PBXFileReference; fileEncoding = 4; lastKnownFileType = sourcecode.c.h; path = MEMachO.h; sourceTree = "<group>"; };
		5B3BEEC114DD42E8005111AB /* MEMachO.m */ = {isa = PBXFileReference; fileEncoding = 4; lastKnownFileType = sourcecode.c.objc; path = MEMachO.m; sourceTree = "<group>"; };
		5B3BEEC314DD491B005111AB /* MEMachOSection.h */ = {isa = PBXFileReference; fileEncoding = 4; lastKnownFileType = sourcecode.c.h; path = MEMachOSection.h; sourceTree = "<group>"; };
		5B3BEEC414DD491B005111AB /* MEMachOSection.m */ = {isa = PBXFileReference; fileEncoding = 4; lastKnownFileType = sourcecode.c.objc; path = MEMachOSection.m; sourceTree = "<group>"; };
		5B3BEEC614DD97BB005111AB /* MEMachOLoadCommand.h */ = {isa = PBXFileReference; fileEncoding = 4; lastKnownFileType = sourcecode.c.h; path = MEMachOLoadCommand.h; sourceTree = "<group>"; };
		5B3BEEC714DD97BB005111AB /* MEMachOLoadCommand.m */ = {isa = PBXFileReference; fileEncoding = 4; lastKnownFileType = sourcecode.c.objc; path = MEMachOLoadCommand.m; sourceTree = "<group>"; };
		5B3BEECA14DDA152005111AB /* MEMachOUUIDLoadCommand.h */ = {isa = PBXFileReference; fileEncoding = 4; lastKnownFileType = sourcecode.c.h; path = MEMachOUUIDLoadCommand.h; sourceTree = "<group>"; };
		5B3BEECB14DDA152005111AB /* MEMachOUUIDLoadCommand.m */ = {isa = PBXFileReference; fileEncoding = 4; lastKnownFileType = sourcecode.c.objc; path = MEMachOUUIDLoadCommand.m; sourceTree = "<group>"; };
		5B3BEECD14DDA17C005111AB /* MEMachOVersionMinLoadCommand.h */ = {isa = PBXFileReference; fileEncoding = 4; lastKnownFileType = sourcecode.c.h; path = MEMachOVersionMinLoadCommand.h; sourceTree = "<group>"; };
		5B3BEECE14DDA17C005111AB /* MEMachOVersionMinLoadCommand.m */ = {isa = PBXFileReference; fileEncoding = 4; lastKnownFileType = sourcecode.c.objc; path = MEMachOVersionMinLoadCommand.m; sourceTree = "<group>"; };
		5B3BEED014DDA18C005111AB /* MEMachOLoadCommandFactory.h */ = {isa = PBXFileReference; fileEncoding = 4; lastKnownFileType = sourcecode.c.h; path = MEMachOLoadCommandFactory.h; sourceTree = "<group>"; };
		5B3BEED114DDA18C005111AB /* MEMachOLoadCommandFactory.m */ = {isa = PBXFileReference; fileEncoding = 4; lastKnownFileType = sourcecode.c.objc; path = MEMachOLoadCommandFactory.m; sourceTree = "<group>"; };
		5B3BEED314DDB971005111AB /* MEMachOSymtabLoadCommand.h */ = {isa = PBXFileReference; fileEncoding = 4; lastKnownFileType = sourcecode.c.h; path = MEMachOSymtabLoadCommand.h; sourceTree = "<group>"; };
		5B3BEED414DDB971005111AB /* MEMachOSymtabLoadCommand.m */ = {isa = PBXFileReference; fileEncoding = 4; lastKnownFileType = sourcecode.c.objc; path = MEMachOSymtabLoadCommand.m; sourceTree = "<group>"; };
		5B3BEED614DDBF52005111AB /* MEMachOSymbolTable.h */ = {isa = PBXFileReference; fileEncoding = 4; lastKnownFileType = sourcecode.c.h; path = MEMachOSymbolTable.h; sourceTree = "<group>"; };
		5B3BEED714DDBF53005111AB /* MEMachOSymbolTable.m */ = {isa = PBXFileReference; fileEncoding = 4; lastKnownFileType = sourcecode.c.objc; path = MEMachOSymbolTable.m; sourceTree = "<group>"; };
		5B3BEED914DDC5BC005111AB /* MEMachOSymbol.h */ = {isa = PBXFileReference; fileEncoding = 4; lastKnownFileType = sourcecode.c.h; path = MEMachOSymbol.h; sourceTree = "<group>"; };
		5B3BEEDA14DDC5BC005111AB /* MEMachOSymbol.m */ = {isa = PBXFileReference; fileEncoding = 4; lastKnownFileType = sourcecode.c.objc; path = MEMachOSymbol.m; sourceTree = "<group>"; };
		5B3BEEDE14DDDEC9005111AB /* Dwarf2.h */ = {isa = PBXFileReference; fileEncoding = 4; lastKnownFileType = sourcecode.c.h; path = Dwarf2.h; sourceTree = "<group>"; };
		5B3BEEDF14DDDEC9005111AB /* Dwarf2.m */ = {isa = PBXFileReference; fileEncoding = 4; lastKnownFileType = sourcecode.c.objc; path = Dwarf2.m; sourceTree = "<group>"; };
		5B3BEEE114DDDFCC005111AB /* Dwarf2Constants.h */ = {isa = PBXFileReference; fileEncoding = 4; lastKnownFileType = sourcecode.c.h; path = Dwarf2Constants.h; sourceTree = "<group>"; };
		5B3BEEE214DDE3AF005111AB /* Dwarf2Buffer.h */ = {isa = PBXFileReference; fileEncoding = 4; lastKnownFileType = sourcecode.c.h; path = Dwarf2Buffer.h; sourceTree = "<group>"; };
		5B3BEEE314DDE3AF005111AB /* Dwarf2Buffer.m */ = {isa = PBXFileReference; fileEncoding = 4; lastKnownFileType = sourcecode.c.objc; path = Dwarf2Buffer.m; sourceTree = "<group>"; };
		5B3BEEE514DDF0DE005111AB /* Dwarf2Attribute.h */ = {isa = PBXFileReference; fileEncoding = 4; lastKnownFileType = sourcecode.c.h; path = Dwarf2Attribute.h; sourceTree = "<group>"; };
		5B3BEEE614DDF0DE005111AB /* Dwarf2Attribute.m */ = {isa = PBXFileReference; fileEncoding = 4; lastKnownFileType = sourcecode.c.objc; path = Dwarf2Attribute.m; sourceTree = "<group>"; };
		5B3BEEE814DDF11B005111AB /* Dwarf2Abbreviation.h */ = {isa = PBXFileReference; fileEncoding = 4; lastKnownFileType = sourcecode.c.h; path = Dwarf2Abbreviation.h; sourceTree = "<group>"; };
		5B3BEEE914DDF11B005111AB /* Dwarf2Abbreviation.m */ = {isa = PBXFileReference; fileEncoding = 4; lastKnownFileType = sourcecode.c.objc; path = Dwarf2Abbreviation.m; sourceTree = "<group>"; };
		5B3BEEEB14DDF3FC005111AB /* Dwarf2CompilationUnit.h */ = {isa = PBXFileReference; fileEncoding = 4; lastKnownFileType = sourcecode.c.h; path = Dwarf2CompilationUnit.h; sourceTree = "<group>"; };
		5B3BEEEC14DDF3FC005111AB /* Dwarf2CompilationUnit.m */ = {isa = PBXFileReference; fileEncoding = 4; lastKnownFileType = sourcecode.c.objc; path = Dwarf2CompilationUnit.m; sourceTree = "<group>"; };
		5B3BEEEE14DDFEA5005111AB /* Dwarf2FileLineInfo.h */ = {isa = PBXFileReference; fileEncoding = 4; lastKnownFileType = sourcecode.c.h; path = Dwarf2FileLineInfo.h; sourceTree = "<group>"; };
		5B3BEEEF14DDFEA6005111AB /* Dwarf2FileLineInfo.m */ = {isa = PBXFileReference; fileEncoding = 4; lastKnownFileType = sourcecode.c.objc; path = Dwarf2FileLineInfo.m; sourceTree = "<group>"; };
		5B3BEEF114DE0143005111AB /* Dwarf2StateMachineRegisters.h */ = {isa = PBXFileReference; fileEncoding = 4; lastKnownFileType = sourcecode.c.h; path = Dwarf2StateMachineRegisters.h; sourceTree = "<group>"; };
		5B3BEEF214DE0143005111AB /* Dwarf2StateMachineRegisters.m */ = {isa = PBXFileReference; fileEncoding = 4; lastKnownFileType = sourcecode.c.objc; path = Dwarf2StateMachineRegisters.m; sourceTree = "<group>"; };
		5B3BEEF414DE043E005111AB /* Dwarf2FileEntry.h */ = {isa = PBXFileReference; fileEncoding = 4; lastKnownFileType = sourcecode.c.h; path = Dwarf2FileEntry.h; sourceTree = "<group>"; };
		5B3BEEF514DE043E005111AB /* Dwarf2FileEntry.m */ = {isa = PBXFileReference; fileEncoding = 4; lastKnownFileType = sourcecode.c.objc; path = Dwarf2FileEntry.m; sourceTree = "<group>"; };
		5B3BEEF714DE04A9005111AB /* Dwarf2StatementProgram.h */ = {isa = PBXFileReference; fileEncoding = 4; lastKnownFileType = sourcecode.c.h; path = Dwarf2StatementProgram.h; sourceTree = "<group>"; };
		5B3BEEF814DE04A9005111AB /* Dwarf2StatementProgram.m */ = {isa = PBXFileReference; fileEncoding = 4; lastKnownFileType = sourcecode.c.objc; path = Dwarf2StatementProgram.m; sourceTree = "<group>"; };
		5B73425114DF35D000FDBD27 /* MEMainWindowController.h */ = {isa = PBXFileReference; fileEncoding = 4; lastKnownFileType = sourcecode.c.h; path = MEMainWindowController.h; sourceTree = "<group>"; };
		5B73425214DF35D000FDBD27 /* MEMainWindowController.m */ = {isa = PBXFileReference; fileEncoding = 4; lastKnownFileType = sourcecode.c.objc; path = MEMainWindowController.m; sourceTree = "<group>"; };
		5B73425414DF35FE00FDBD27 /* MainWindow.xib */ = {isa = PBXFileReference; fileEncoding = 4; lastKnownFileType = file.xib; path = MainWindow.xib; sourceTree = "<group>"; };
		5BED8E8014DD37AD0087BFDE /* xcarchitron.app */ = {isa = PBXFileReference; explicitFileType = wrapper.application; includeInIndex = 0; path = xcarchitron.app; sourceTree = BUILT_PRODUCTS_DIR; };
		5BED8E8414DD37AD0087BFDE /* Cocoa.framework */ = {isa = PBXFileReference; lastKnownFileType = wrapper.framework; name = Cocoa.framework; path = System/Library/Frameworks/Cocoa.framework; sourceTree = SDKROOT; };
		5BED8E8714DD37AD0087BFDE /* AppKit.framework */ = {isa = PBXFileReference; lastKnownFileType = wrapper.framework; name = AppKit.framework; path = System/Library/Frameworks/AppKit.framework; sourceTree = SDKROOT; };
		5BED8E8814DD37AD0087BFDE /* CoreData.framework */ = {isa = PBXFileReference; lastKnownFileType = wrapper.framework; name = CoreData.framework; path = System/Library/Frameworks/CoreData.framework; sourceTree = SDKROOT; };
		5BED8E8914DD37AD0087BFDE /* Foundation.framework */ = {isa = PBXFileReference; lastKnownFileType = wrapper.framework; name = Foundation.framework; path = System/Library/Frameworks/Foundation.framework; sourceTree = SDKROOT; };
		5BED8E8C14DD37AD0087BFDE /* xcarchitron-Info.plist */ = {isa = PBXFileReference; lastKnownFileType = text.plist.xml; path = "xcarchitron-Info.plist"; sourceTree = "<group>"; };
		5BED8E8E14DD37AD0087BFDE /* en */ = {isa = PBXFileReference; lastKnownFileType = text.plist.strings; name = en; path = en.lproj/InfoPlist.strings; sourceTree = "<group>"; };
		5BED8E9014DD37AD0087BFDE /* main.m */ = {isa = PBXFileReference; lastKnownFileType = sourcecode.c.objc; path = main.m; sourceTree = "<group>"; };
		5BED8E9214DD37AD0087BFDE /* xcarchitron-Prefix.pch */ = {isa = PBXFileReference; lastKnownFileType = sourcecode.c.h; path = "xcarchitron-Prefix.pch"; sourceTree = "<group>"; };
		5BED8E9414DD37AD0087BFDE /* en */ = {isa = PBXFileReference; lastKnownFileType = text.rtf; name = en; path = en.lproj/Credits.rtf; sourceTree = "<group>"; };
		5BED8E9614DD37AD0087BFDE /* MEAppDelegate.h */ = {isa = PBXFileReference; lastKnownFileType = sourcecode.c.h; path = MEAppDelegate.h; sourceTree = "<group>"; };
		5BED8E9714DD37AD0087BFDE /* MEAppDelegate.m */ = {isa = PBXFileReference; lastKnownFileType = sourcecode.c.objc; path = MEAppDelegate.m; sourceTree = "<group>"; };
		5BED8E9A14DD37AE0087BFDE /* en */ = {isa = PBXFileReference; lastKnownFileType = file.xib; name = en; path = en.lproj/MainMenu.xib; sourceTree = "<group>"; };
		5BED8EA114DD37AE0087BFDE /* xcarchitronTests.octest */ = {isa = PBXFileReference; explicitFileType = wrapper.cfbundle; includeInIndex = 0; path = xcarchitronTests.octest; sourceTree = BUILT_PRODUCTS_DIR; };
		5BED8EA214DD37AE0087BFDE /* SenTestingKit.framework */ = {isa = PBXFileReference; lastKnownFileType = wrapper.framework; name = SenTestingKit.framework; path = Library/Frameworks/SenTestingKit.framework; sourceTree = DEVELOPER_DIR; };
		5BED8EA914DD37AE0087BFDE /* xcarchitronTests-Info.plist */ = {isa = PBXFileReference; lastKnownFileType = text.plist.xml; path = "xcarchitronTests-Info.plist"; sourceTree = "<group>"; };
		5BED8EAB14DD37AE0087BFDE /* en */ = {isa = PBXFileReference; lastKnownFileType = text.plist.strings; name = en; path = en.lproj/InfoPlist.strings; sourceTree = "<group>"; };
		5BED8EAD14DD37AE0087BFDE /* xcarchitronTests.h */ = {isa = PBXFileReference; lastKnownFileType = sourcecode.c.h; path = xcarchitronTests.h; sourceTree = "<group>"; };
		5BED8EAE14DD37AE0087BFDE /* xcarchitronTests.m */ = {isa = PBXFileReference; lastKnownFileType = sourcecode.c.objc; path = xcarchitronTests.m; sourceTree = "<group>"; };
/* End PBXFileReference section */

/* Begin PBXFrameworksBuildPhase section */
		5BED8E7D14DD37AD0087BFDE /* Frameworks */ = {
			isa = PBXFrameworksBuildPhase;
			buildActionMask = 2147483647;
			files = (
				5BED8E8514DD37AD0087BFDE /* Cocoa.framework in Frameworks */,
			);
			runOnlyForDeploymentPostprocessing = 0;
		};
		5BED8E9D14DD37AE0087BFDE /* Frameworks */ = {
			isa = PBXFrameworksBuildPhase;
			buildActionMask = 2147483647;
			files = (
				5BED8EA314DD37AE0087BFDE /* SenTestingKit.framework in Frameworks */,
				5BED8EA414DD37AE0087BFDE /* Cocoa.framework in Frameworks */,
			);
			runOnlyForDeploymentPostprocessing = 0;
		};
/* End PBXFrameworksBuildPhase section */

/* Begin PBXGroup section */
		5B3BEEBB14DD3C81005111AB /* Archive */ = {
			isa = PBXGroup;
			children = (
				5B3BEEAD14DD3A52005111AB /* MEXcodeArchives.h */,
				5B3BEEAE14DD3A52005111AB /* MEXcodeArchives.m */,
				5B3BEEB514DD3AE2005111AB /* MEXcodeArchive.h */,
				5B3BEEB614DD3AE2005111AB /* MEXcodeArchive.m */,
				5B3BEEB814DD3B4A005111AB /* MEProvisioningProfile.h */,
				5B3BEEB914DD3B4A005111AB /* MEProvisioningProfile.m */,
			);
			name = Archive;
			sourceTree = "<group>";
		};
		5B3BEEBF14DD42C1005111AB /* dSYM */ = {
			isa = PBXGroup;
			children = (
				5B3BEEDD14DDDE16005111AB /* Dwarf */,
				5B3BEEDC14DDDE06005111AB /* Mach-O */,
			);
			name = dSYM;
			sourceTree = "<group>";
		};
		5B3BEEC914DDA137005111AB /* Load Commands */ = {
			isa = PBXGroup;
			children = (
				5B3BEED014DDA18C005111AB /* MEMachOLoadCommandFactory.h */,
				5B3BEED114DDA18C005111AB /* MEMachOLoadCommandFactory.m */,
				5B3BEEC614DD97BB005111AB /* MEMachOLoadCommand.h */,
				5B3BEEC714DD97BB005111AB /* MEMachOLoadCommand.m */,
				5B3BEECA14DDA152005111AB /* MEMachOUUIDLoadCommand.h */,
				5B3BEECB14DDA152005111AB /* MEMachOUUIDLoadCommand.m */,
				5B3BEECD14DDA17C005111AB /* MEMachOVersionMinLoadCommand.h */,
				5B3BEECE14DDA17C005111AB /* MEMachOVersionMinLoadCommand.m */,
				5B3BEED314DDB971005111AB /* MEMachOSymtabLoadCommand.h */,
				5B3BEED414DDB971005111AB /* MEMachOSymtabLoadCommand.m */,
			);
			name = "Load Commands";
			sourceTree = "<group>";
		};
		5B3BEEDC14DDDE06005111AB /* Mach-O */ = {
			isa = PBXGroup;
			children = (
				5B3BEEC014DD42E8005111AB /* MEMachO.h */,
				5B3BEEC114DD42E8005111AB /* MEMachO.m */,
				5B3BEEC314DD491B005111AB /* MEMachOSection.h */,
				5B3BEEC414DD491B005111AB /* MEMachOSection.m */,
				5B3BEED614DDBF52005111AB /* MEMachOSymbolTable.h */,
				5B3BEED714DDBF53005111AB /* MEMachOSymbolTable.m */,
				5B3BEED914DDC5BC005111AB /* MEMachOSymbol.h */,
				5B3BEEDA14DDC5BC005111AB /* MEMachOSymbol.m */,
				5B3BEEC914DDA137005111AB /* Load Commands */,
			);
			name = "Mach-O";
			sourceTree = "<group>";
		};
		5B3BEEDD14DDDE16005111AB /* Dwarf */ = {
			isa = PBXGroup;
			children = (
				5B3BEEDE14DDDEC9005111AB /* Dwarf2.h */,
				5B3BEEDF14DDDEC9005111AB /* Dwarf2.m */,
				5B3BEEE114DDDFCC005111AB /* Dwarf2Constants.h */,
				5B3BEEE214DDE3AF005111AB /* Dwarf2Buffer.h */,
				5B3BEEE314DDE3AF005111AB /* Dwarf2Buffer.m */,
				5B3BEEE514DDF0DE005111AB /* Dwarf2Attribute.h */,
				5B3BEEE614DDF0DE005111AB /* Dwarf2Attribute.m */,
				5B3BEEE814DDF11B005111AB /* Dwarf2Abbreviation.h */,
				5B3BEEE914DDF11B005111AB /* Dwarf2Abbreviation.m */,
				5B3BEEEB14DDF3FC005111AB /* Dwarf2CompilationUnit.h */,
				5B3BEEEC14DDF3FC005111AB /* Dwarf2CompilationUnit.m */,
				5B3BEEEE14DDFEA5005111AB /* Dwarf2FileLineInfo.h */,
				5B3BEEEF14DDFEA6005111AB /* Dwarf2FileLineInfo.m */,
				5B3BEEF114DE0143005111AB /* Dwarf2StateMachineRegisters.h */,
				5B3BEEF214DE0143005111AB /* Dwarf2StateMachineRegisters.m */,
				5B3BEEF414DE043E005111AB /* Dwarf2FileEntry.h */,
				5B3BEEF514DE043E005111AB /* Dwarf2FileEntry.m */,
				5B3BEEF714DE04A9005111AB /* Dwarf2StatementProgram.h */,
				5B3BEEF814DE04A9005111AB /* Dwarf2StatementProgram.m */,
			);
			name = Dwarf;
			sourceTree = "<group>";
		};
		5BED8E7514DD37AD0087BFDE = {
			isa = PBXGroup;
			children = (
				5BED8E8A14DD37AD0087BFDE /* xcarchitron */,
				5BED8EA714DD37AE0087BFDE /* xcarchitronTests */,
				5BED8E8314DD37AD0087BFDE /* Frameworks */,
				5BED8E8114DD37AD0087BFDE /* Products */,
			);
			sourceTree = "<group>";
		};
		5BED8E8114DD37AD0087BFDE /* Products */ = {
			isa = PBXGroup;
			children = (
				5BED8E8014DD37AD0087BFDE /* xcarchitron.app */,
				5BED8EA114DD37AE0087BFDE /* xcarchitronTests.octest */,
			);
			name = Products;
			sourceTree = "<group>";
		};
		5BED8E8314DD37AD0087BFDE /* Frameworks */ = {
			isa = PBXGroup;
			children = (
				5BED8E8414DD37AD0087BFDE /* Cocoa.framework */,
				5BED8EA214DD37AE0087BFDE /* SenTestingKit.framework */,
				5BED8E8614DD37AD0087BFDE /* Other Frameworks */,
			);
			name = Frameworks;
			sourceTree = "<group>";
		};
		5BED8E8614DD37AD0087BFDE /* Other Frameworks */ = {
			isa = PBXGroup;
			children = (
				5BED8E8714DD37AD0087BFDE /* AppKit.framework */,
				5BED8E8814DD37AD0087BFDE /* CoreData.framework */,
				5BED8E8914DD37AD0087BFDE /* Foundation.framework */,
			);
			name = "Other Frameworks";
			sourceTree = "<group>";
		};
		5BED8E8A14DD37AD0087BFDE /* xcarchitron */ = {
			isa = PBXGroup;
			children = (
				5B3BEEBF14DD42C1005111AB /* dSYM */,
				5B3BEEBB14DD3C81005111AB /* Archive */,
				5BED8E9614DD37AD0087BFDE /* MEAppDelegate.h */,
				5BED8E9714DD37AD0087BFDE /* MEAppDelegate.m */,
				5B73425114DF35D000FDBD27 /* MEMainWindowController.h */,
				5B73425214DF35D000FDBD27 /* MEMainWindowController.m */,
				5B73425414DF35FE00FDBD27 /* MainWindow.xib */,
				5B3BEEBC14DD4150005111AB /* MEMemoryMappedFile.h */,
				5B3BEEBD14DD4150005111AB /* MEMemoryMappedFile.m */,
				5BED8E9914DD37AE0087BFDE /* MainMenu.xib */,
				5BED8E8B14DD37AD0087BFDE /* Supporting Files */,
			);
			path = xcarchitron;
			sourceTree = "<group>";
		};
		5BED8E8B14DD37AD0087BFDE /* Supporting Files */ = {
			isa = PBXGroup;
			children = (
				5BED8E8C14DD37AD0087BFDE /* xcarchitron-Info.plist */,
				5BED8E8D14DD37AD0087BFDE /* InfoPlist.strings */,
				5BED8E9014DD37AD0087BFDE /* main.m */,
				5BED8E9214DD37AD0087BFDE /* xcarchitron-Prefix.pch */,
				5BED8E9314DD37AD0087BFDE /* Credits.rtf */,
			);
			name = "Supporting Files";
			sourceTree = "<group>";
		};
		5BED8EA714DD37AE0087BFDE /* xcarchitronTests */ = {
			isa = PBXGroup;
			children = (
				5BED8EAD14DD37AE0087BFDE /* xcarchitronTests.h */,
				5BED8EAE14DD37AE0087BFDE /* xcarchitronTests.m */,
				5BED8EA814DD37AE0087BFDE /* Supporting Files */,
			);
			path = xcarchitronTests;
			sourceTree = "<group>";
		};
		5BED8EA814DD37AE0087BFDE /* Supporting Files */ = {
			isa = PBXGroup;
			children = (
				5BED8EA914DD37AE0087BFDE /* xcarchitronTests-Info.plist */,
				5BED8EAA14DD37AE0087BFDE /* InfoPlist.strings */,
			);
			name = "Supporting Files";
			sourceTree = "<group>";
		};
/* End PBXGroup section */

/* Begin PBXNativeTarget section */
		5BED8E7F14DD37AD0087BFDE /* xcarchitron */ = {
			isa = PBXNativeTarget;
			buildConfigurationList = 5BED8EB214DD37AE0087BFDE /* Build configuration list for PBXNativeTarget "xcarchitron" */;
			buildPhases = (
				5BED8E7C14DD37AD0087BFDE /* Sources */,
				5BED8E7D14DD37AD0087BFDE /* Frameworks */,
				5BED8E7E14DD37AD0087BFDE /* Resources */,
			);
			buildRules = (
			);
			dependencies = (
			);
			name = xcarchitron;
			productName = xcarchitron;
			productReference = 5BED8E8014DD37AD0087BFDE /* xcarchitron.app */;
			productType = "com.apple.product-type.application";
		};
		5BED8EA014DD37AE0087BFDE /* xcarchitronTests */ = {
			isa = PBXNativeTarget;
			buildConfigurationList = 5BED8EB514DD37AE0087BFDE /* Build configuration list for PBXNativeTarget "xcarchitronTests" */;
			buildPhases = (
				5BED8E9C14DD37AE0087BFDE /* Sources */,
				5BED8E9D14DD37AE0087BFDE /* Frameworks */,
				5BED8E9E14DD37AE0087BFDE /* Resources */,
				5BED8E9F14DD37AE0087BFDE /* ShellScript */,
			);
			buildRules = (
			);
			dependencies = (
				5BED8EA614DD37AE0087BFDE /* PBXTargetDependency */,
			);
			name = xcarchitronTests;
			productName = xcarchitronTests;
			productReference = 5BED8EA114DD37AE0087BFDE /* xcarchitronTests.octest */;
			productType = "com.apple.product-type.bundle";
		};
/* End PBXNativeTarget section */

/* Begin PBXProject section */
		5BED8E7714DD37AD0087BFDE /* Project object */ = {
			isa = PBXProject;
			attributes = {
				LastUpgradeCheck = 0420;
				ORGANIZATIONNAME = "Martin Johannesson";
			};
			buildConfigurationList = 5BED8E7A14DD37AD0087BFDE /* Build configuration list for PBXProject "xcarchitron" */;
			compatibilityVersion = "Xcode 3.2";
			developmentRegion = English;
			hasScannedForEncodings = 0;
			knownRegions = (
				en,
			);
			mainGroup = 5BED8E7514DD37AD0087BFDE;
			productRefGroup = 5BED8E8114DD37AD0087BFDE /* Products */;
			projectDirPath = "";
			projectRoot = "";
			targets = (
				5BED8E7F14DD37AD0087BFDE /* xcarchitron */,
				5BED8EA014DD37AE0087BFDE /* xcarchitronTests */,
			);
		};
/* End PBXProject section */

/* Begin PBXResourcesBuildPhase section */
		5BED8E7E14DD37AD0087BFDE /* Resources */ = {
			isa = PBXResourcesBuildPhase;
			buildActionMask = 2147483647;
			files = (
				5BED8E8F14DD37AD0087BFDE /* InfoPlist.strings in Resources */,
				5BED8E9514DD37AD0087BFDE /* Credits.rtf in Resources */,
				5BED8E9B14DD37AE0087BFDE /* MainMenu.xib in Resources */,
				5B73425514DF35FE00FDBD27 /* MainWindow.xib in Resources */,
			);
			runOnlyForDeploymentPostprocessing = 0;
		};
		5BED8E9E14DD37AE0087BFDE /* Resources */ = {
			isa = PBXResourcesBuildPhase;
			buildActionMask = 2147483647;
			files = (
				5BED8EAC14DD37AE0087BFDE /* InfoPlist.strings in Resources */,
			);
			runOnlyForDeploymentPostprocessing = 0;
		};
/* End PBXResourcesBuildPhase section */

/* Begin PBXShellScriptBuildPhase section */
		5BED8E9F14DD37AE0087BFDE /* ShellScript */ = {
			isa = PBXShellScriptBuildPhase;
			buildActionMask = 2147483647;
			files = (
			);
			inputPaths = (
			);
			outputPaths = (
			);
			runOnlyForDeploymentPostprocessing = 0;
			shellPath = /bin/sh;
			shellScript = "# Run the unit tests in this test bundle.\n\"${SYSTEM_DEVELOPER_DIR}/Tools/RunUnitTests\"\n";
		};
/* End PBXShellScriptBuildPhase section */

/* Begin PBXSourcesBuildPhase section */
		5BED8E7C14DD37AD0087BFDE /* Sources */ = {
			isa = PBXSourcesBuildPhase;
			buildActionMask = 2147483647;
			files = (
				5BED8E9114DD37AD0087BFDE /* main.m in Sources */,
				5BED8E9814DD37AD0087BFDE /* MEAppDelegate.m in Sources */,
				5B3BEEAF14DD3A52005111AB /* MEXcodeArchives.m in Sources */,
				5B3BEEB714DD3AE2005111AB /* MEXcodeArchive.m in Sources */,
				5B3BEEBA14DD3B4A005111AB /* MEProvisioningProfile.m in Sources */,
				5B3BEEBE14DD4150005111AB /* MEMemoryMappedFile.m in Sources */,
				5B3BEEC214DD42E8005111AB /* MEMachO.m in Sources */,
				5B3BEEC514DD491B005111AB /* MEMachOSection.m in Sources */,
				5B3BEEC814DD97BB005111AB /* MEMachOLoadCommand.m in Sources */,
				5B3BEECC14DDA152005111AB /* MEMachOUUIDLoadCommand.m in Sources */,
				5B3BEECF14DDA17C005111AB /* MEMachOVersionMinLoadCommand.m in Sources */,
				5B3BEED214DDA18C005111AB /* MEMachOLoadCommandFactory.m in Sources */,
				5B3BEED514DDB971005111AB /* MEMachOSymtabLoadCommand.m in Sources */,
				5B3BEED814DDBF53005111AB /* MEMachOSymbolTable.m in Sources */,
				5B3BEEDB14DDC5BC005111AB /* MEMachOSymbol.m in Sources */,
				5B3BEEE014DDDEC9005111AB /* Dwarf2.m in Sources */,
				5B3BEEE414DDE3AF005111AB /* Dwarf2Buffer.m in Sources */,
				5B3BEEE714DDF0DE005111AB /* Dwarf2Attribute.m in Sources */,
				5B3BEEEA14DDF11C005111AB /* Dwarf2Abbreviation.m in Sources */,
				5B3BEEED14DDF3FC005111AB /* Dwarf2CompilationUnit.m in Sources */,
				5B3BEEF014DDFEA6005111AB /* Dwarf2FileLineInfo.m in Sources */,
				5B3BEEF314DE0144005111AB /* Dwarf2StateMachineRegisters.m in Sources */,
				5B3BEEF614DE043F005111AB /* Dwarf2FileEntry.m in Sources */,
				5B3BEEF914DE04AA005111AB /* Dwarf2StatementProgram.m in Sources */,
				5B73425314DF35D000FDBD27 /* MEMainWindowController.m in Sources */,
			);
			runOnlyForDeploymentPostprocessing = 0;
		};
		5BED8E9C14DD37AE0087BFDE /* Sources */ = {
			isa = PBXSourcesBuildPhase;
			buildActionMask = 2147483647;
			files = (
				5BED8EAF14DD37AE0087BFDE /* xcarchitronTests.m in Sources */,
			);
			runOnlyForDeploymentPostprocessing = 0;
		};
/* End PBXSourcesBuildPhase section */

/* Begin PBXTargetDependency section */
		5BED8EA614DD37AE0087BFDE /* PBXTargetDependency */ = {
			isa = PBXTargetDependency;
			target = 5BED8E7F14DD37AD0087BFDE /* xcarchitron */;
			targetProxy = 5BED8EA514DD37AE0087BFDE /* PBXContainerItemProxy */;
		};
/* End PBXTargetDependency section */

/* Begin PBXVariantGroup section */
		5BED8E8D14DD37AD0087BFDE /* InfoPlist.strings */ = {
			isa = PBXVariantGroup;
			children = (
				5BED8E8E14DD37AD0087BFDE /* en */,
			);
			name = InfoPlist.strings;
			sourceTree = "<group>";
		};
		5BED8E9314DD37AD0087BFDE /* Credits.rtf */ = {
			isa = PBXVariantGroup;
			children = (
				5BED8E9414DD37AD0087BFDE /* en */,
			);
			name = Credits.rtf;
			sourceTree = "<group>";
		};
		5BED8E9914DD37AE0087BFDE /* MainMenu.xib */ = {
			isa = PBXVariantGroup;
			children = (
				5BED8E9A14DD37AE0087BFDE /* en */,
			);
			name = MainMenu.xib;
			sourceTree = "<group>";
		};
		5BED8EAA14DD37AE0087BFDE /* InfoPlist.strings */ = {
			isa = PBXVariantGroup;
			children = (
				5BED8EAB14DD37AE0087BFDE /* en */,
			);
			name = InfoPlist.strings;
			sourceTree = "<group>";
		};
/* End PBXVariantGroup section */

/* Begin XCBuildConfiguration section */
		5BED8EB014DD37AE0087BFDE /* Debug */ = {
			isa = XCBuildConfiguration;
			buildSettings = {
				ALWAYS_SEARCH_USER_PATHS = NO;
				ARCHS = "$(ARCHS_STANDARD_64_BIT)";
				COPY_PHASE_STRIP = NO;
				GCC_C_LANGUAGE_STANDARD = gnu99;
				GCC_DYNAMIC_NO_PIC = NO;
				GCC_ENABLE_OBJC_EXCEPTIONS = YES;
				GCC_OPTIMIZATION_LEVEL = 0;
				GCC_PREPROCESSOR_DEFINITIONS = (
					"DEBUG=1",
					"$(inherited)",
				);
				GCC_SYMBOLS_PRIVATE_EXTERN = NO;
				GCC_VERSION = com.apple.compilers.llvm.clang.1_0;
				GCC_WARN_64_TO_32_BIT_CONVERSION = YES;
				GCC_WARN_ABOUT_MISSING_PROTOTYPES = YES;
				GCC_WARN_ABOUT_RETURN_TYPE = YES;
				GCC_WARN_UNUSED_VARIABLE = YES;
				MACOSX_DEPLOYMENT_TARGET = 10.7;
				ONLY_ACTIVE_ARCH = YES;
				SDKROOT = macosx;
			};
			name = Debug;
		};
		5BED8EB114DD37AE0087BFDE /* Release */ = {
			isa = XCBuildConfiguration;
			buildSettings = {
				ALWAYS_SEARCH_USER_PATHS = NO;
				ARCHS = "$(ARCHS_STANDARD_64_BIT)";
				COPY_PHASE_STRIP = YES;
				DEBUG_INFORMATION_FORMAT = "dwarf-with-dsym";
				GCC_C_LANGUAGE_STANDARD = gnu99;
				GCC_ENABLE_OBJC_EXCEPTIONS = YES;
				GCC_VERSION = com.apple.compilers.llvm.clang.1_0;
				GCC_WARN_64_TO_32_BIT_CONVERSION = YES;
				GCC_WARN_ABOUT_MISSING_PROTOTYPES = YES;
				GCC_WARN_ABOUT_RETURN_TYPE = YES;
				GCC_WARN_UNUSED_VARIABLE = YES;
				MACOSX_DEPLOYMENT_TARGET = 10.7;
				SDKROOT = macosx;
			};
			name = Release;
		};
		5BED8EB314DD37AE0087BFDE /* Debug */ = {
			isa = XCBuildConfiguration;
			buildSettings = {
				GCC_PRECOMPILE_PREFIX_HEADER = YES;
				GCC_PREFIX_HEADER = "xcarchitron/xcarchitron-Prefix.pch";
				INFOPLIST_FILE = "xcarchitron/xcarchitron-Info.plist";
				PRODUCT_NAME = "$(TARGET_NAME)";
				WRAPPER_EXTENSION = app;
			};
			name = Debug;
		};
		5BED8EB414DD37AE0087BFDE /* Release */ = {
			isa = XCBuildConfiguration;
			buildSettings = {
				GCC_PRECOMPILE_PREFIX_HEADER = YES;
				GCC_PREFIX_HEADER = "xcarchitron/xcarchitron-Prefix.pch";
				INFOPLIST_FILE = "xcarchitron/xcarchitron-Info.plist";
				PRODUCT_NAME = "$(TARGET_NAME)";
				WRAPPER_EXTENSION = app;
			};
			name = Release;
		};
		5BED8EB614DD37AE0087BFDE /* Debug */ = {
			isa = XCBuildConfiguration;
			buildSettings = {
				BUNDLE_LOADER = "$(BUILT_PRODUCTS_DIR)/xcarchitron.app/Contents/MacOS/xcarchitron";
				FRAMEWORK_SEARCH_PATHS = "$(DEVELOPER_LIBRARY_DIR)/Frameworks";
				GCC_PRECOMPILE_PREFIX_HEADER = YES;
				GCC_PREFIX_HEADER = "xcarchitron/xcarchitron-Prefix.pch";
				INFOPLIST_FILE = "xcarchitronTests/xcarchitronTests-Info.plist";
				PRODUCT_NAME = "$(TARGET_NAME)";
				TEST_HOST = "$(BUNDLE_LOADER)";
				WRAPPER_EXTENSION = octest;
			};
			name = Debug;
		};
		5BED8EB714DD37AE0087BFDE /* Release */ = {
			isa = XCBuildConfiguration;
			buildSettings = {
				BUNDLE_LOADER = "$(BUILT_PRODUCTS_DIR)/xcarchitron.app/Contents/MacOS/xcarchitron";
				FRAMEWORK_SEARCH_PATHS = "$(DEVELOPER_LIBRARY_DIR)/Frameworks";
				GCC_PRECOMPILE_PREFIX_HEADER = YES;
				GCC_PREFIX_HEADER = "xcarchitron/xcarchitron-Prefix.pch";
				INFOPLIST_FILE = "xcarchitronTests/xcarchitronTests-Info.plist";
				PRODUCT_NAME = "$(TARGET_NAME)";
				TEST_HOST = "$(BUNDLE_LOADER)";
				WRAPPER_EXTENSION = octest;
			};
			name = Release;
		};
/* End XCBuildConfiguration section */

/* Begin XCConfigurationList section */
		5BED8E7A14DD37AD0087BFDE /* Build configuration list for PBXProject "xcarchitron" */ = {
			isa = XCConfigurationList;
			buildConfigurations = (
				5BED8EB014DD37AE0087BFDE /* Debug */,
				5BED8EB114DD37AE0087BFDE /* Release */,
			);
			defaultConfigurationIsVisible = 0;
			defaultConfigurationName = Release;
		};
		5BED8EB214DD37AE0087BFDE /* Build configuration list for PBXNativeTarget "xcarchitron" */ = {
			isa = XCConfigurationList;
			buildConfigurations = (
				5BED8EB314DD37AE0087BFDE /* Debug */,
				5BED8EB414DD37AE0087BFDE /* Release */,
			);
			defaultConfigurationIsVisible = 0;
			defaultConfigurationName = Release;
		};
		5BED8EB514DD37AE0087BFDE /* Build configuration list for PBXNativeTarget "xcarchitronTests" */ = {
			isa = XCConfigurationList;
			buildConfigurations = (
				5BED8EB614DD37AE0087BFDE /* Debug */,
				5BED8EB714DD37AE0087BFDE /* Release */,
			);
			defaultConfigurationIsVisible = 0;
			defaultConfigurationName = Release;
		};
/* End XCConfigurationList section */
	};
	rootObject = 5BED8E7714DD37AD0087BFDE /* Project object */;
}
